lockfileVersion: '9.0'

settings:
  autoInstallPeers: true
  excludeLinksFromLockfile: false

importers:

  .:
    devDependencies:
      '@angular/core':
        specifier: ^18.0.0
        version: 18.2.14(rxjs@7.8.2)(zone.js@0.14.10)
      '@angular/material':
        specifier: ^18.0.0
        version: 18.2.14(@angular/animations@18.2.14(@angular/core@18.2.14(rxjs@7.8.2)(zone.js@0.14.10)))(@angular/cdk@18.2.14(@angular/common@18.2.14(@angular/core@18.2.14(rxjs@7.8.2)(zone.js@0.14.10))(rxjs@7.8.2))(@angular/core@18.2.14(rxjs@7.8.2)(zone.js@0.14.10))(rxjs@7.8.2))(@angular/common@18.2.14(@angular/core@18.2.14(rxjs@7.8.2)(zone.js@0.14.10))(rxjs@7.8.2))(@angular/core@18.2.14(rxjs@7.8.2)(zone.js@0.14.10))(@angular/forms@19.2.20(@angular/common@18.2.14(@angular/core@18.2.14(rxjs@7.8.2)(zone.js@0.14.10))(rxjs@7.8.2))(@angular/core@18.2.14(rxjs@7.8.2)(zone.js@0.14.10))(@angular/platform-browser@18.2.14(@angular/animations@18.2.14(@angular/core@18.2.14(rxjs@7.8.2)(zone.js@0.14.10)))(@angular/common@18.2.14(@angular/core@18.2.14(rxjs@7.8.2)(zone.js@0.14.10))(rxjs@7.8.2))(@angular/core@18.2.14(rxjs@7.8.2)(zone.js@0.14.10)))(rxjs@7.8.2))(@angular/platform-browser@18.2.14(@angular/animations@18.2.14(@angular/core@18.2.14(rxjs@7.8.2)(zone.js@0.14.10)))(@angular/common@18.2.14(@angular/core@18.2.14(rxjs@7.8.2)(zone.js@0.14.10))(rxjs@7.8.2))(@angular/core@18.2.14(rxjs@7.8.2)(zone.js@0.14.10)))(rxjs@7.8.2)
      '@angular/platform-browser':
        specifier: ^18.0.0
        version: 18.2.14(@angular/animations@18.2.14(@angular/core@18.2.14(rxjs@7.8.2)(zone.js@0.14.10)))(@angular/common@18.2.14(@angular/core@18.2.14(rxjs@7.8.2)(zone.js@0.14.10))(rxjs@7.8.2))(@angular/core@18.2.14(rxjs@7.8.2)(zone.js@0.14.10))
      svgo:
        specifier: ^3.3.2
        version: 3.3.3
      typescript:
        specifier: ^5.4.0
        version: 5.9.3

packages:

  '@angular/animations@18.2.14':
    resolution: {integrity: sha512-Kp/MWShoYYO+R3lrrZbZgszbbLGVXHB+39mdJZwnIuZMDkeL3JsIBlSOzyJRTnpS1vITc+9jgHvP/6uKbMrW1Q==}
    engines: {node: ^18.19.1 || ^20.11.1 || >=22.0.0}
    peerDependencies:
      '@angular/core': 18.2.14

  '@angular/cdk@18.2.14':
    resolution: {integrity: sha512-vDyOh1lwjfVk9OqoroZAP8pf3xxKUvyl+TVR8nJxL4c5fOfUFkD7l94HaanqKSRwJcI2xiztuu92IVoHn8T33Q==}
    peerDependencies:
      '@angular/common': ^18.0.0 || ^19.0.0
      '@angular/core': ^18.0.0 || ^19.0.0
      rxjs: ^6.5.3 || ^7.4.0

  '@angular/common@18.2.14':
    resolution: {integrity: sha512-ZPRswzaVRiqcfZoowuAM22Hr2/z10ajWOUoFDoQ9tWqz/fH/773kJv2F9VvePIekgNPCzaizqv9gF6tGNqaAwg==}
    engines: {node: ^18.19.1 || ^20.11.1 || >=22.0.0}
    peerDependencies:
      '@angular/core': 18.2.14
      rxjs: ^6.5.3 || ^7.4.0

  '@angular/core@18.2.14':
    resolution: {integrity: sha512-BIPrCs93ZZTY9ym7yfoTgAQ5rs706yoYeAdrgc8kh/bDbM9DawxKlgeKBx2FLt09Y0YQ1bFhKVp0cV4gDEaMxQ==}
    engines: {node: ^18.19.1 || ^20.11.1 || >=22.0.0}
    peerDependencies:
      rxjs: ^6.5.3 || ^7.4.0
      zone.js: ~0.14.10

  '@angular/forms@19.2.20':
    resolution: {integrity: sha512-agi7InbMzop1jrud6L7SlNwnZk3iNolORcFIwBQMvKxLkcJ+ttbSYuM0KAw56IundWHf4dL9GP4cSygm4kUeFA==}
    engines: {node: ^18.19.1 || ^20.11.1 || >=22.0.0}
    peerDependencies:
      '@angular/common': 19.2.20
      '@angular/core': 19.2.20
      '@angular/platform-browser': 19.2.20
      rxjs: ^6.5.3 || ^7.4.0

  '@angular/material@18.2.14':
    resolution: {integrity: sha512-28pxzJP49Mymt664WnCtPkKeg7kXUsQKTKGf/Kl95rNTEdTJLbnlcc8wV0rT0yQNR7kXgpfBnG7h0ETLv/iu5Q==}
    peerDependencies:
      '@angular/animations': ^18.0.0 || ^19.0.0
      '@angular/cdk': 18.2.14
      '@angular/common': ^18.0.0 || ^19.0.0
      '@angular/core': ^18.0.0 || ^19.0.0
      '@angular/forms': ^18.0.0 || ^19.0.0
      '@angular/platform-browser': ^18.0.0 || ^19.0.0
      rxjs: ^6.5.3 || ^7.4.0

  '@angular/platform-browser@18.2.14':
    resolution: {integrity: sha512-W+JTxI25su3RiZVZT3Yrw6KNUCmOIy7OZIZ+612skPgYK2f2qil7VclnW1oCwG896h50cMJU/lnAfxZxefQgyQ==}
    engines: {node: ^18.19.1 || ^20.11.1 || >=22.0.0}
    peerDependencies:
      '@angular/animations': 18.2.14
      '@angular/common': 18.2.14
      '@angular/core': 18.2.14
    peerDependenciesMeta:
      '@angular/animations':
        optional: true

  boolbase@1.0.0:
    resolution: {integrity: sha512-JZOSA7Mo9sNGB8+UjSgzdLtokWAky1zbztM3WRLCbZ70/3cTANmQmOdR7y2g+J0e2WXywy1yS468tY+IruqEww==}

  commander@7.2.0:
    resolution: {integrity: sha512-QrWXB+ZQSVPmIWIhtEO9H+gwHaMGYiF5ChvoJ+K9ZGHG/sVsa6yiesAD1GC/x46sET00Xlwo1u49RVVVzvcSkw==}
    engines: {node: '>= 10'}

  css-select@5.2.2:
    resolution: {integrity: sha512-TizTzUddG/xYLA3NXodFM0fSbNizXjOKhqiQQwvhlspadZokn1KDy0NZFS0wuEubIYAV5/c1/lAr0TaaFXEXzw==}

  css-tree@2.2.1:
    resolution: {integrity: sha512-OA0mILzGc1kCOCSJerOeqDxDQ4HOh+G8NbOJFOTgOCzpw7fCBubk0fEyxp8AgOL/jvLgYA/uV0cMbe43ElF1JA==}
    engines: {node: ^10 || ^12.20.0 || ^14.13.0 || >=15.0.0, npm: '>=7.0.0'}

  css-tree@2.3.1:
    resolution: {integrity: sha512-6Fv1DV/TYw//QF5IzQdqsNDjx/wc8TrMBZsqjL9eW01tWb7R7k/mq+/VXfJCl7SoD5emsJop9cOByJZfs8hYIw==}
    engines: {node: ^10 || ^12.20.0 || ^14.13.0 || >=15.0.0}

  css-what@6.2.2:
    resolution: {integrity: sha512-u/O3vwbptzhMs3L1fQE82ZSLHQQfto5gyZzwteVIEyeaY5Fc7R4dapF/BvRoSYFeqfBk4m0V1Vafq5Pjv25wvA==}
    engines: {node: '>= 6'}

  csso@5.0.5:
    resolution: {integrity: sha512-0LrrStPOdJj+SPCCrGhzryycLjwcgUSHBtxNA8aIDxf0GLsRh1cKYhB00Gd1lDOS4yGH69+SNn13+TWbVHETFQ==}
    engines: {node: ^10 || ^12.20.0 || ^14.13.0 || >=15.0.0, npm: '>=7.0.0'}

  dom-serializer@2.0.0:
    resolution: {integrity: sha512-wIkAryiqt/nV5EQKqQpo3SToSOV9J0DnbJqwK7Wv/Trc92zIAYZ4FlMu+JPFW1DfGFt81ZTCGgDEabffXeLyJg==}

  domelementtype@2.3.0:
    resolution: {integrity: sha512-OLETBj6w0OsagBwdXnPdN0cnMfF9opN69co+7ZrbfPGrdpPVNBUj02spi6B1N7wChLQiPn4CSH/zJvXw56gmHw==}

  domhandler@5.0.3:
    resolution: {integrity: sha512-cgwlv/1iFQiFnU96XXgROh8xTeetsnJiDsTc7TYCLFd9+/WNkIqPTxiM/8pSd8VIrhXGTf1Ny1q1hquVqDJB5w==}
    engines: {node: '>= 4'}

  domutils@3.2.2:
    resolution: {integrity: sha512-6kZKyUajlDuqlHKVX1w7gyslj9MPIXzIFiz/rGu35uC1wMi+kMhQwGhl4lt9unC9Vb9INnY9Z3/ZA3+FhASLaw==}

  entities@4.5.0:
    resolution: {integrity: sha512-V0hjH4dGPh9Ao5p0MoRY6BVqtwCjhz6vI5LT8AJ55H+4g9/4vbHx1I54fS0XuclLhDHArPQCiMjDxjaL8fPxhw==}
    engines: {node: '>=0.12'}

  entities@6.0.1:
    resolution: {integrity: sha512-aN97NXWF6AWBTahfVOIrB/NShkzi5H7F9r1s9mD3cDj4Ko5f2qhhVoYMibXF7GlLveb/D2ioWay8lxI97Ven3g==}
    engines: {node: '>=0.12'}

  mdn-data@2.0.28:
    resolution: {integrity: sha512-aylIc7Z9y4yzHYAJNuESG3hfhC+0Ibp/MAMiaOZgNv4pmEdFyfZhhhny4MNiAfWdBQ1RQ2mfDWmM1x8SvGyp8g==}

  mdn-data@2.0.30:
    resolution: {integrity: sha512-GaqWWShW4kv/G9IEucWScBx9G1/vsFZZJUO+tD26M8J8z3Kw5RDQjaoZe03YAClgeS/SWPOcb4nkFBTEi5DUEA==}

  nth-check@2.1.1:
    resolution: {integrity: sha512-lqjrjmaOoAnWfMmBPL+XNnynZh2+swxiX3WUE0s4yEHI6m+AwrK2UZOimIRl3X/4QctVqS8AiZjFqyOGrMXb/w==}

  parse5@7.3.0:
    resolution: {integrity: sha512-IInvU7fabl34qmi9gY8XOVxhYyMyuH2xUNpb2q8/Y+7552KlejkRvqvD19nMoUW/uQGGbqNpA6Tufu5FL5BZgw==}

  picocolors@1.1.1:
    resolution: {integrity: sha512-xceH2snhtb5M9liqDsmEw56le376mTZkEX/jEb/RxNFyegNul7eNslCXP9FDj/Lcu0X8KEyMceP2ntpaHrDEVA==}

  rxjs@7.8.2:
    resolution: {integrity: sha512-dhKf903U/PQZY6boNNtAGdWbG85WAbjT/1xYoZIC7FAY0yWapOBQVsVrDl58W86//e1VpMNBtRV4MaXfdMySFA==}

  sax@1.6.0:
    resolution: {integrity: sha512-6R3J5M4AcbtLUdZmRv2SygeVaM7IhrLXu9BmnOGmmACak8fiUtOsYNWUS4uK7upbmHIBbLBeFeI//477BKLBzA==}
    engines: {node: '>=11.0.0'}

  source-map-js@1.2.1:
    resolution: {integrity: sha512-UXWMKhLOwVKb728IUtQPXxfYU+usdybtUrK/8uGE8CQMvrhOpwvzDBwj0QhSL7MQc7vIsISBG8VQ8+IDQxpfQA==}
    engines: {node: '>=0.10.0'}

  svgo@3.3.3:
    resolution: {integrity: sha512-+wn7I4p7YgJhHs38k2TNjy1vCfPIfLIJWR5MnCStsN8WuuTcBnRKcMHQLMM2ijxGZmDoZwNv8ipl5aTTen62ng==}
    engines: {node: '>=14.0.0'}
    hasBin: true

  tslib@2.8.1:
    resolution: {integrity: sha512-oJFu94HQb+KVduSUQL7wnpmqnfmLsOA/nAh6b6EH0wCEoK0/mPeXU6c3wKDV83MkOuHPRHtSXKKU99IBazS/2w==}

  typescript@5.9.3:
    resolution: {integrity: sha512-jl1vZzPDinLr9eUt3J/t7V6FgNEw9QjvBPdysz9KfQDD41fQrC2Y4vKQdiaUpFT4bXlb1RHhLpp8wtm6M5TgSw==}
    engines: {node: '>=14.17'}
    hasBin: true

  zone.js@0.14.10:
    resolution: {integrity: sha512-YGAhaO7J5ywOXW6InXNlLmfU194F8lVgu7bRntUF3TiG8Y3nBK0x1UJJuHUP/e8IyihkjCYqhCScpSwnlaSRkQ==}

snapshots:

  '@angular/animations@18.2.14(@angular/core@18.2.14(rxjs@7.8.2)(zone.js@0.14.10))':
    dependencies:
      '@angular/core': 18.2.14(rxjs@7.8.2)(zone.js@0.14.10)
      tslib: 2.8.1

  '@angular/cdk@18.2.14(@angular/common@18.2.14(@angular/core@18.2.14(rxjs@7.8.2)(zone.js@0.14.10))(rxjs@7.8.2))(@angular/core@18.2.14(rxjs@7.8.2)(zone.js@0.14.10))(rxjs@7.8.2)':
    dependencies:
      '@angular/common': 18.2.14(@angular/core@18.2.14(rxjs@7.8.2)(zone.js@0.14.10))(rxjs@7.8.2)
      '@angular/core': 18.2.14(rxjs@7.8.2)(zone.js@0.14.10)
      rxjs: 7.8.2
      tslib: 2.8.1
    optionalDependencies:
      parse5: 7.3.0

  '@angular/common@18.2.14(@angular/core@18.2.14(rxjs@7.8.2)(zone.js@0.14.10))(rxjs@7.8.2)':
    dependencies:
      '@angular/core': 18.2.14(rxjs@7.8.2)(zone.js@0.14.10)
      rxjs: 7.8.2
      tslib: 2.8.1

  '@angular/core@18.2.14(rxjs@7.8.2)(zone.js@0.14.10)':
    dependencies:
      rxjs: 7.8.2
      tslib: 2.8.1
      zone.js: 0.14.10

  '@angular/forms@19.2.20(@angular/common@18.2.14(@angular/core@18.2.14(rxjs@7.8.2)(zone.js@0.14.10))(rxjs@7.8.2))(@angular/core@18.2.14(rxjs@7.8.2)(zone.js@0.14.10))(@angular/platform-browser@18.2.14(@angular/animations@18.2.14(@angular/core@18.2.14(rxjs@7.8.2)(zone.js@0.14.10)))(@angular/common@18.2.14(@angular/core@18.2.14(rxjs@7.8.2)(zone.js@0.14.10))(rxjs@7.8.2))(@angular/core@18.2.14(rxjs@7.8.2)(zone.js@0.14.10)))(rxjs@7.8.2)':
    dependencies:
      '@angular/common': 18.2.14(@angular/core@18.2.14(rxjs@7.8.2)(zone.js@0.14.10))(rxjs@7.8.2)
      '@angular/core': 18.2.14(rxjs@7.8.2)(zone.js@0.14.10)
      '@angular/platform-browser': 18.2.14(@angular/animations@18.2.14(@angular/core@18.2.14(rxjs@7.8.2)(zone.js@0.14.10)))(@angular/common@18.2.14(@angular/core@18.2.14(rxjs@7.8.2)(zone.js@0.14.10))(rxjs@7.8.2))(@angular/core@18.2.14(rxjs@7.8.2)(zone.js@0.14.10))
      rxjs: 7.8.2
      tslib: 2.8.1

  ? '@angular/material@18.2.14(@angular/animations@18.2.14(@angular/core@18.2.14(rxjs@7.8.2)(zone.js@0.14.10)))(@angular/cdk@18.2.14(@angular/common@18.2.14(@angular/core@18.2.14(rxjs@7.8.2)(zone.js@0.14.10))(rxjs@7.8.2))(@angular/core@18.2.14(rxjs@7.8.2)(zone.js@0.14.10))(rxjs@7.8.2))(@angular/common@18.2.14(@angular/core@18.2.14(rxjs@7.8.2)(zone.js@0.14.10))(rxjs@7.8.2))(@angular/core@18.2.14(rxjs@7.8.2)(zone.js@0.14.10))(@angular/forms@19.2.20(@angular/common@18.2.14(@angular/core@18.2.14(rxjs@7.8.2)(zone.js@0.14.10))(rxjs@7.8.2))(@angular/core@18.2.14(rxjs@7.8.2)(zone.js@0.14.10))(@angular/platform-browser@18.2.14(@angular/animations@18.2.14(@angular/core@18.2.14(rxjs@7.8.2)(zone.js@0.14.10)))(@angular/common@18.2.14(@angular/core@18.2.14(rxjs@7.8.2)(zone.js@0.14.10))(rxjs@7.8.2))(@angular/core@18.2.14(rxjs@7.8.2)(zone.js@0.14.10)))(rxjs@7.8.2))(@angular/platform-browser@18.2.14(@angular/animations@18.2.14(@angular/core@18.2.14(rxjs@7.8.2)(zone.js@0.14.10)))(@angular/common@18.2.14(@angular/core@18.2.14(rxjs@7.8.2)(zone.js@0.14.10))(rxjs@7.8.2))(@angular/core@18.2.14(rxjs@7.8.2)(zone.js@0.14.10)))(rxjs@7.8.2)'
  : dependencies:
      '@angular/animations': 18.2.14(@angular/core@18.2.14(rxjs@7.8.2)(zone.js@0.14.10))
      '@angular/cdk': 18.2.14(@angular/common@18.2.14(@angular/core@18.2.14(rxjs@7.8.2)(zone.js@0.14.10))(rxjs@7.8.2))(@angular/core@18.2.14(rxjs@7.8.2)(zone.js@0.14.10))(rxjs@7.8.2)
      '@angular/common': 18.2.14(@angular/core@18.2.14(rxjs@7.8.2)(zone.js@0.14.10))(rxjs@7.8.2)
      '@angular/core': 18.2.14(rxjs@7.8.2)(zone.js@0.14.10)
      '@angular/forms': 19.2.20(@angular/common@18.2.14(@angular/core@18.2.14(rxjs@7.8.2)(zone.js@0.14.10))(rxjs@7.8.2))(@angular/core@18.2.14(rxjs@7.8.2)(zone.js@0.14.10))(@angular/platform-browser@18.2.14(@angular/animations@18.2.14(@angular/core@18.2.14(rxjs@7.8.2)(zone.js@0.14.10)))(@angular/common@18.2.14(@angular/core@18.2.14(rxjs@7.8.2)(zone.js@0.14.10))(rxjs@7.8.2))(@angular/core@18.2.14(rxjs@7.8.2)(zone.js@0.14.10)))(rxjs@7.8.2)
      '@angular/platform-browser': 18.2.14(@angular/animations@18.2.14(@angular/core@18.2.14(rxjs@7.8.2)(zone.js@0.14.10)))(@angular/common@18.2.14(@angular/core@18.2.14(rxjs@7.8.2)(zone.js@0.14.10))(rxjs@7.8.2))(@angular/core@18.2.14(rxjs@7.8.2)(zone.js@0.14.10))
      rxjs: 7.8.2
      tslib: 2.8.1

  '@angular/platform-browser@18.2.14(@angular/animations@18.2.14(@angular/core@18.2.14(rxjs@7.8.2)(zone.js@0.14.10)))(@angular/common@18.2.14(@angular/core@18.2.14(rxjs@7.8.2)(zone.js@0.14.10))(rxjs@7.8.2))(@angular/core@18.2.14(rxjs@7.8.2)(zone.js@0.14.10))':
    dependencies:
      '@angular/common': 18.2.14(@angular/core@18.2.14(rxjs@7.8.2)(zone.js@0.14.10))(rxjs@7.8.2)
      '@angular/core': 18.2.14(rxjs@7.8.2)(zone.js@0.14.10)
      tslib: 2.8.1
    optionalDependencies:
      '@angular/animations': 18.2.14(@angular/core@18.2.14(rxjs@7.8.2)(zone.js@0.14.10))

  boolbase@1.0.0: {}

  commander@7.2.0: {}

  css-select@5.2.2:
    dependencies:
      boolbase: 1.0.0
      css-what: 6.2.2
      domhandler: 5.0.3
      domutils: 3.2.2
      nth-check: 2.1.1

  css-tree@2.2.1:
    dependencies:
      mdn-data: 2.0.28
      source-map-js: 1.2.1

  css-tree@2.3.1:
    dependencies:
      mdn-data: 2.0.30
      source-map-js: 1.2.1

  css-what@6.2.2: {}

  csso@5.0.5:
    dependencies:
      css-tree: 2.2.1

  dom-serializer@2.0.0:
    dependencies:
      domelementtype: 2.3.0
      domhandler: 5.0.3
      entities: 4.5.0

  domelementtype@2.3.0: {}

  domhandler@5.0.3:
    dependencies:
      domelementtype: 2.3.0

  domutils@3.2.2:
    dependencies:
      dom-serializer: 2.0.0
      domelementtype: 2.3.0
      domhandler: 5.0.3

  entities@4.5.0: {}

  entities@6.0.1:
    optional: true

  mdn-data@2.0.28: {}

  mdn-data@2.0.30: {}

  nth-check@2.1.1:
    dependencies:
      boolbase: 1.0.0

  parse5@7.3.0:
    dependencies:
      entities: 6.0.1
    optional: true

  picocolors@1.1.1: {}

  rxjs@7.8.2:
    dependencies:
      tslib: 2.8.1

  sax@1.6.0: {}

  source-map-js@1.2.1: {}

  svgo@3.3.3:
    dependencies:
      commander: 7.2.0
      css-select: 5.2.2
      css-tree: 2.3.1
      css-what: 6.2.2
      csso: 5.0.5
      picocolors: 1.1.1
      sax: 1.6.0

  tslib@2.8.1: {}

  typescript@5.9.3: {}

  zone.js@0.14.10: {}
